{
  "projects": [
    {
      "projectId": "r7bQFXtqbEtVEZD5aJhcPv",
      "version": "latest",
      "dependencies": {},
      "lang": "ts",
      "fileLocks": [
        {
          "type": "globalVariant",
          "assetId": "u-MrKVJigiIG",
          "checksum": "34eb1c96255bf7f8fd06c499641a56cd"
        },
        {
          "type": "renderModule",
          "assetId": "A-edtCi8NNz_",
          "checksum": "4c2fac9fdb3921ae0c3ab4e24af229d0"
        },
        {
          "type": "cssRules",
          "assetId": "A-edtCi8NNz_",
          "checksum": "4c2fac9fdb3921ae0c3ab4e24af229d0"
        },
        {
          "type": "renderModule",
          "assetId": "PT8OECpkuIj2",
          "checksum": "3edc13ef7515f62f0942b9e37f51802a"
        },
        {
          "type": "cssRules",
          "assetId": "PT8OECpkuIj2",
          "checksum": "3edc13ef7515f62f0942b9e37f51802a"
        },
        {
          "type": "icon",
          "assetId": "ULQPYRHlfctn",
          "checksum": "10139f46067525c35159229477b5546b"
        },
        {
          "type": "icon",
          "assetId": "HCyFNv4kV7hg",
          "checksum": "a47d7b2925298352e1aa76bfe2cf0577"
        },
        {
          "type": "icon",
          "assetId": "1npxSAYOE0SJ",
          "checksum": "be21d6524bc09e11b4bafdd3d6b8ad96"
        },
        {
          "type": "image",
          "assetId": "ay7-pKTPxrlP",
          "checksum": "0a6611e81816705ba6f3c50483359c1a"
        },
        {
          "type": "renderModule",
          "assetId": "6R42nZZIlShc",
          "checksum": "202e93fe02346c4ac2c4bc500e7ba112"
        },
        {
          "type": "cssRules",
          "assetId": "6R42nZZIlShc",
          "checksum": "202e93fe02346c4ac2c4bc500e7ba112"
        },
        {
          "type": "icon",
          "assetId": "vYbZy2p1bmTJ",
          "checksum": "8174dfd4332d51894cc74db42d2a819e"
        },
        {
          "type": "icon",
          "assetId": "kpZ4e4cawOY8",
          "checksum": "14319175abb7d7939fb6036eec45f098"
        },
        {
          "assetId": "r7bQFXtqbEtVEZD5aJhcPv",
          "type": "projectCss",
          "checksum": "d6607bb27100f3457c8ee9df8328a7ce"
        }
      ],
      "codegenVersion": "0.0.1"
    }
  ],
  "cliVersion": "0.1.309"
}
